
Microsoft Visual Studio Solution File, Format Version 12.00
# Visual Studio Version 16
VisualStudioVersion = 16.0.31911.196
MinimumVisualStudioVersion = 10.0.40219.1
Project("{FAE04EC0-301F-11D3-BF4B-00C04F79EFBC}") = "lab2_asp", "lab2_asp\lab2_asp.csproj", "{CE743DFA-B34A-4723-9942-9B72AB3B94E9}"
EndProject
Project("{FAE04EC0-301F-11D3-BF4B-00C04F79EFBC}") = "Data", "Data\Data.csproj", "{5A5D10BF-371B-489E-9EC1-111631CA1F0E}"
EndProject
Global
	GlobalSection(SolutionConfigurationPlatforms) = preSolution
		Debug|Any CPU = Debug|Any CPU
		Release|Any CPU = Release|Any CPU
	EndGlobalSection
	GlobalSection(ProjectConfigurationPlatforms) = postSolution
		{CE743DFA-B34A-4723-9942-9B72AB3B94E9}.Debug|Any CPU.ActiveCfg = Debug|Any CPU
		{CE743DFA-B34A-4723-9942-9B72AB3B94E9}.Debug|Any CPU.Build.0 = Debug|Any CPU
		{CE743DFA-B34A-4723-9942-9B72AB3B94E9}.Release|Any CPU.ActiveCfg = Release|Any CPU
		{CE743DFA-B34A-4723-9942-9B72AB3B94E9}.Release|Any CPU.Build.0 = Release|Any CPU
		{5A5D10BF-371B-489E-9EC1-111631CA1F0E}.Debug|Any CPU.ActiveCfg = Debug|Any CPU
		{5A5D10BF-371B-489E-9EC1-111631CA1F0E}.Debug|Any CPU.Build.0 = Debug|Any CPU
		{5A5D10BF-371B-489E-9EC1-111631CA1F0E}.Release|Any CPU.ActiveCfg = Release|Any CPU
		{5A5D10BF-371B-489E-9EC1-111631CA1F0E}.Release|Any CPU.Build.0 = Release|Any CPU
	EndGlobalSection
	GlobalSection(SolutionProperties) = preSolution
		HideSolutionNode = FALSE
	EndGlobalSection
	GlobalSection(ExtensibilityGlobals) = postSolution
		SolutionGuid = {BDF3F23F-85F1-48C6-97BC-CF2655B63DEE}
	EndGlobalSection
EndGlobal
